
Microsoft Visual Studio Solution File, Format Version 11.00
# Visual Studio 2010
Project("{FAE04EC0-301F-11D3-BF4B-00C04F79EFBC}") = "Assembly-CSharp", "Assembly-CSharp.csproj", "{42ad2db8-b0e4-159a-654d-4a6f239e919c}"
EndProject
Project("{FAE04EC0-301F-11D3-BF4B-00C04F79EFBC}") = "Assembly-CSharp-Editor", "Assembly-CSharp-Editor.csproj", "{be66ccdf-9c10-eeec-7893-06af16bc387d}"
EndProject
Global
	GlobalSection(SolutionConfigurationPlatforms) = preSolution
		Debug|Any CPU = Debug|Any CPU
	EndGlobalSection
	GlobalSection(ProjectConfigurationPlatforms) = postSolution
		{42ad2db8-b0e4-159a-654d-4a6f239e919c}.Debug|Any CPU.ActiveCfg = Debug|Any CPU
		{42ad2db8-b0e4-159a-654d-4a6f239e919c}.Debug|Any CPU.Build.0 = Debug|Any CPU
		{be66ccdf-9c10-eeec-7893-06af16bc387d}.Debug|Any CPU.ActiveCfg = Debug|Any CPU
		{be66ccdf-9c10-eeec-7893-06af16bc387d}.Debug|Any CPU.Build.0 = Debug|Any CPU
	EndGlobalSection
	GlobalSection(SolutionProperties) = preSolution
		HideSolutionNode = FALSE
	EndGlobalSection
EndGlobal
